
Microsoft Visual Studio Solution File, Format Version 12.00
# Visual Studio Version 17
VisualStudioVersion = 17.0.31903.59
MinimumVisualStudioVersion = 10.0.40219.1
Project("{FAE04EC0-301F-11D3-BF4B-00C04F79EFBC}") = "Quiz.WebAPI", "src\Quiz.WebAPI\Quiz.WebAPI.csproj", "{534E1876-2764-402C-A857-0ECDEF8B9C2C}"
EndProject
Project("{FAE04EC0-301F-11D3-BF4B-00C04F79EFBC}") = "Quiz.BL", "src\Quiz.BL\Quiz.BL.csproj", "{C6F8589D-2D37-4785-9A48-37F939A57722}"
EndProject
Project("{FAE04EC0-301F-11D3-BF4B-00C04F79EFBC}") = "Quiz.DL", "src\Quiz.DL\Quiz.DL.csproj", "{60AAB1C5-026F-420A-8E05-68FDC4F126D3}"
EndProject
Project("{FAE04EC0-301F-11D3-BF4B-00C04F79EFBC}") = "Quiz.DbMigration", "src\Quiz.DbMigration\Quiz.DbMigration.csproj", "{5B102EA7-4A44-4832-A5F3-526A2887EC9B}"
EndProject
Project("{FAE04EC0-301F-11D3-BF4B-00C04F79EFBC}") = "Quiz.Shared", "src\Quiz.Shared\Quiz.Shared.csproj", "{BF27CE1F-4492-40F5-AD1B-AD6BDD56A9E7}"
EndProject
Global
	GlobalSection(SolutionConfigurationPlatforms) = preSolution
		Debug|Any CPU = Debug|Any CPU
		Debug|x64 = Debug|x64
		Debug|x86 = Debug|x86
		Release|Any CPU = Release|Any CPU
		Release|x64 = Release|x64
		Release|x86 = Release|x86
	EndGlobalSection
	GlobalSection(ProjectConfigurationPlatforms) = postSolution
		{534E1876-2764-402C-A857-0ECDEF8B9C2C}.Debug|Any CPU.ActiveCfg = Debug|Any CPU
		{534E1876-2764-402C-A857-0ECDEF8B9C2C}.Debug|Any CPU.Build.0 = Debug|Any CPU
		{534E1876-2764-402C-A857-0ECDEF8B9C2C}.Debug|x64.ActiveCfg = Debug|Any CPU
		{534E1876-2764-402C-A857-0ECDEF8B9C2C}.Debug|x64.Build.0 = Debug|Any CPU
		{534E1876-2764-402C-A857-0ECDEF8B9C2C}.Debug|x86.ActiveCfg = Debug|Any CPU
		{534E1876-2764-402C-A857-0ECDEF8B9C2C}.Debug|x86.Build.0 = Debug|Any CPU
		{534E1876-2764-402C-A857-0ECDEF8B9C2C}.Release|Any CPU.ActiveCfg = Release|Any CPU
		{534E1876-2764-402C-A857-0ECDEF8B9C2C}.Release|Any CPU.Build.0 = Release|Any CPU
		{534E1876-2764-402C-A857-0ECDEF8B9C2C}.Release|x64.ActiveCfg = Release|Any CPU
		{534E1876-2764-402C-A857-0ECDEF8B9C2C}.Release|x64.Build.0 = Release|Any CPU
		{534E1876-2764-402C-A857-0ECDEF8B9C2C}.Release|x86.ActiveCfg = Release|Any CPU
		{534E1876-2764-402C-A857-0ECDEF8B9C2C}.Release|x86.Build.0 = Release|Any CPU
		{C6F8589D-2D37-4785-9A48-37F939A57722}.Debug|Any CPU.ActiveCfg = Debug|Any CPU
		{C6F8589D-2D37-4785-9A48-37F939A57722}.Debug|Any CPU.Build.0 = Debug|Any CPU
		{C6F8589D-2D37-4785-9A48-37F939A57722}.Debug|x64.ActiveCfg = Debug|Any CPU
		{C6F8589D-2D37-4785-9A48-37F939A57722}.Debug|x64.Build.0 = Debug|Any CPU
		{C6F8589D-2D37-4785-9A48-37F939A57722}.Debug|x86.ActiveCfg = Debug|Any CPU
		{C6F8589D-2D37-4785-9A48-37F939A57722}.Debug|x86.Build.0 = Debug|Any CPU
		{C6F8589D-2D37-4785-9A48-37F939A57722}.Release|Any CPU.ActiveCfg = Release|Any CPU
		{C6F8589D-2D37-4785-9A48-37F939A57722}.Release|Any CPU.Build.0 = Release|Any CPU
		{C6F8589D-2D37-4785-9A48-37F939A57722}.Release|x64.ActiveCfg = Release|Any CPU
		{C6F8589D-2D37-4785-9A48-37F939A57722}.Release|x64.Build.0 = Release|Any CPU
		{C6F8589D-2D37-4785-9A48-37F939A57722}.Release|x86.ActiveCfg = Release|Any CPU
		{C6F8589D-2D37-4785-9A48-37F939A57722}.Release|x86.Build.0 = Release|Any CPU
		{60AAB1C5-026F-420A-8E05-68FDC4F126D3}.Debug|Any CPU.ActiveCfg = Debug|Any CPU
		{60AAB1C5-026F-420A-8E05-68FDC4F126D3}.Debug|Any CPU.Build.0 = Debug|Any CPU
		{60AAB1C5-026F-420A-8E05-68FDC4F126D3}.Debug|x64.ActiveCfg = Debug|Any CPU
		{60AAB1C5-026F-420A-8E05-68FDC4F126D3}.Debug|x64.Build.0 = Debug|Any CPU
		{60AAB1C5-026F-420A-8E05-68FDC4F126D3}.Debug|x86.ActiveCfg = Debug|Any CPU
		{60AAB1C5-026F-420A-8E05-68FDC4F126D3}.Debug|x86.Build.0 = Debug|Any CPU
		{60AAB1C5-026F-420A-8E05-68FDC4F126D3}.Release|Any CPU.ActiveCfg = Release|Any CPU
		{60AAB1C5-026F-420A-8E05-68FDC4F126D3}.Release|Any CPU.Build.0 = Release|Any CPU
		{60AAB1C5-026F-420A-8E05-68FDC4F126D3}.Release|x64.ActiveCfg = Release|Any CPU
		{60AAB1C5-026F-420A-8E05-68FDC4F126D3}.Release|x64.Build.0 = Release|Any CPU
		{60AAB1C5-026F-420A-8E05-68FDC4F126D3}.Release|x86.ActiveCfg = Release|Any CPU
		{60AAB1C5-026F-420A-8E05-68FDC4F126D3}.Release|x86.Build.0 = Release|Any CPU
		{5B102EA7-4A44-4832-A5F3-526A2887EC9B}.Debug|Any CPU.ActiveCfg = Debug|Any CPU
		{5B102EA7-4A44-4832-A5F3-526A2887EC9B}.Debug|Any CPU.Build.0 = Debug|Any CPU
		{5B102EA7-4A44-4832-A5F3-526A2887EC9B}.Debug|x64.ActiveCfg = Debug|Any CPU
		{5B102EA7-4A44-4832-A5F3-526A2887EC9B}.Debug|x64.Build.0 = Debug|Any CPU
		{5B102EA7-4A44-4832-A5F3-526A2887EC9B}.Debug|x86.ActiveCfg = Debug|Any CPU
		{5B102EA7-4A44-4832-A5F3-526A2887EC9B}.Debug|x86.Build.0 = Debug|Any CPU
		{5B102EA7-4A44-4832-A5F3-526A2887EC9B}.Release|Any CPU.ActiveCfg = Release|Any CPU
		{5B102EA7-4A44-4832-A5F3-526A2887EC9B}.Release|Any CPU.Build.0 = Release|Any CPU
		{5B102EA7-4A44-4832-A5F3-526A2887EC9B}.Release|x64.ActiveCfg = Release|Any CPU
		{5B102EA7-4A44-4832-A5F3-526A2887EC9B}.Release|x64.Build.0 = Release|Any CPU
		{5B102EA7-4A44-4832-A5F3-526A2887EC9B}.Release|x86.ActiveCfg = Release|Any CPU
		{5B102EA7-4A44-4832-A5F3-526A2887EC9B}.Release|x86.Build.0 = Release|Any CPU
		{BF27CE1F-4492-40F5-AD1B-AD6BDD56A9E7}.Debug|Any CPU.ActiveCfg = Debug|Any CPU
		{BF27CE1F-4492-40F5-AD1B-AD6BDD56A9E7}.Debug|Any CPU.Build.0 = Debug|Any CPU
		{BF27CE1F-4492-40F5-AD1B-AD6BDD56A9E7}.Debug|x64.ActiveCfg = Debug|Any CPU
		{BF27CE1F-4492-40F5-AD1B-AD6BDD56A9E7}.Debug|x64.Build.0 = Debug|Any CPU
		{BF27CE1F-4492-40F5-AD1B-AD6BDD56A9E7}.Debug|x86.ActiveCfg = Debug|Any CPU
		{BF27CE1F-4492-40F5-AD1B-AD6BDD56A9E7}.Debug|x86.Build.0 = Debug|Any CPU
		{BF27CE1F-4492-40F5-AD1B-AD6BDD56A9E7}.Release|Any CPU.ActiveCfg = Release|Any CPU
		{BF27CE1F-4492-40F5-AD1B-AD6BDD56A9E7}.Release|Any CPU.Build.0 = Release|Any CPU
		{BF27CE1F-4492-40F5-AD1B-AD6BDD56A9E7}.Release|x64.ActiveCfg = Release|Any CPU
		{BF27CE1F-4492-40F5-AD1B-AD6BDD56A9E7}.Release|x64.Build.0 = Release|Any CPU
		{BF27CE1F-4492-40F5-AD1B-AD6BDD56A9E7}.Release|x86.ActiveCfg = Release|Any CPU
		{BF27CE1F-4492-40F5-AD1B-AD6BDD56A9E7}.Release|x86.Build.0 = Release|Any CPU
	EndGlobalSection
	GlobalSection(SolutionProperties) = preSolution
		HideSolutionNode = FALSE
	EndGlobalSection
	GlobalSection(NestedProjects) = preSolution
		{534E1876-2764-402C-A857-0ECDEF8B9C2C} = {827E0CD3-B72D-47B6-A68D-7590B98EB39B}
		{C6F8589D-2D37-4785-9A48-37F939A57722} = {827E0CD3-B72D-47B6-A68D-7590B98EB39B}
		{60AAB1C5-026F-420A-8E05-68FDC4F126D3} = {827E0CD3-B72D-47B6-A68D-7590B98EB39B}
		{5B102EA7-4A44-4832-A5F3-526A2887EC9B} = {827E0CD3-B72D-47B6-A68D-7590B98EB39B}
		{BF27CE1F-4492-40F5-AD1B-AD6BDD56A9E7} = {827E0CD3-B72D-47B6-A68D-7590B98EB39B}
	EndGlobalSection
EndGlobal
